// !$*UTF8*$!
{
	archiveVersion = 1;
	classes = {
	};
	objectVersion = 50;
	objects = {

/* Begin PBXBuildFile section */
		C74F717B234139B400BA3FA2 /* AppDelegate.swift in Sources */ = {isa = PBXBuildFile; fileRef = C74F717A234139B400BA3FA2 /* AppDelegate.swift */; };
		C74F717D234139B400BA3FA2 /* SceneDelegate.swift in Sources */ = {isa = PBXBuildFile; fileRef = C74F717C234139B400BA3FA2 /* SceneDelegate.swift */; };
		C74F717F234139B400BA3FA2 /* ViewController.swift in Sources */ = {isa = PBXBuildFile; fileRef = C74F717E234139B400BA3FA2 /* ViewController.swift */; };
		C74F7182234139B400BA3FA2 /* Main.storyboard in Resources */ = {isa = PBXBuildFile; fileRef = C74F7180234139B400BA3FA2 /* Main.storyboard */; };
		C74F7184234139B700BA3FA2 /* Assets.xcassets in Resources */ = {isa = PBXBuildFile; fileRef = C74F7183234139B700BA3FA2 /* Assets.xcassets */; };
		C74F7187234139B700BA3FA2 /* LaunchScreen.storyboard in Resources */ = {isa = PBXBuildFile; fileRef = C74F7185234139B700BA3FA2 /* LaunchScreen.storyboard */; };
		C74F7192234139B700BA3FA2 /* Hacked_AirlineTests.swift in Sources */ = {isa = PBXBuildFile; fileRef = C74F7191234139B700BA3FA2 /* Hacked_AirlineTests.swift */; };
		C74F719D234139B700BA3FA2 /* Hacked_AirlineUITests.swift in Sources */ = {isa = PBXBuildFile; fileRef = C74F719C234139B700BA3FA2 /* Hacked_AirlineUITests.swift */; };
/* End PBXBuildFile section */

/* Begin PBXContainerItemProxy section */
		C74F718E234139B700BA3FA2 /* PBXContainerItemProxy */ = {
			isa = PBXContainerItemProxy;
			containerPortal = C74F716F234139B400BA3FA2 /* Project object */;
			proxyType = 1;
			remoteGlobalIDString = C74F7176234139B400BA3FA2;
			remoteInfo = "Hacked Airline";
		};
		C74F7199234139B700BA3FA2 /* PBXContainerItemProxy */ = {
			isa = PBXContainerItemProxy;
			containerPortal = C74F716F234139B400BA3FA2 /* Project object */;
			proxyType = 1;
			remoteGlobalIDString = C74F7176234139B400BA3FA2;
			remoteInfo = "Hacked Airline";
		};
/* End PBXContainerItemProxy section */

/* Begin PBXFileReference section */
		C74F7177234139B400BA3FA2 /* Hacked Airline.app */ = {isa = PBXFileReference; explicitFileType = wrapper.application; includeInIndex = 0; path = "Hacked Airline.app"; sourceTree = BUILT_PRODUCTS_DIR; };
		C74F717A234139B400BA3FA2 /* AppDelegate.swift */ = {isa = PBXFileReference; lastKnownFileType = sourcecode.swift; path = AppDelegate.swift; sourceTree = "<group>"; };
		C74F717C234139B400BA3FA2 /* SceneDelegate.swift */ = {isa = PBXFileReference; lastKnownFileType = sourcecode.swift; path = SceneDelegate.swift; sourceTree = "<group>"; };
		C74F717E234139B400BA3FA2 /* ViewController.swift */ = {isa = PBXFileReference; lastKnownFileType = sourcecode.swift; path = ViewController.swift; sourceTree = "<group>"; };
		C74F7181234139B400BA3FA2 /* Base */ = {isa = PBXFileReference; lastKnownFileType = file.storyboard; name = Base; path = Base.lproj/Main.storyboard; sourceTree = "<group>"; };
		C74F7183234139B700BA3FA2 /* Assets.xcassets */ = {isa = PBXFileReference; lastKnownFileType = folder.assetcatalog; path = Assets.xcassets; sourceTree = "<group>"; };
		C74F7186234139B700BA3FA2 /* Base */ = {isa = PBXFileReference; lastKnownFileType = file.storyboard; name = Base; path = Base.lproj/LaunchScreen.storyboard; sourceTree = "<group>"; };
		C74F7188234139B700BA3FA2 /* Info.plist */ = {isa = PBXFileReference; lastKnownFileType = text.plist.xml; path = Info.plist; sourceTree = "<group>"; };
		C74F718D234139B700BA3FA2 /* Hacked AirlineTests.xctest */ = {isa = PBXFileReference; explicitFileType = wrapper.cfbundle; includeInIndex = 0; path = "Hacked AirlineTests.xctest"; sourceTree = BUILT_PRODUCTS_DIR; };
		C74F7191234139B700BA3FA2 /* Hacked_AirlineTests.swift */ = {isa = PBXFileReference; lastKnownFileType = sourcecode.swift; path = Hacked_AirlineTests.swift; sourceTree = "<group>"; };
		C74F7193234139B700BA3FA2 /* Info.plist */ = {isa = PBXFileReference; lastKnownFileType = text.plist.xml; path = Info.plist; sourceTree = "<group>"; };
		C74F7198234139B700BA3FA2 /* Hacked AirlineUITests.xctest */ = {isa = PBXFileReference; explicitFileType = wrapper.cfbundle; includeInIndex = 0; path = "Hacked AirlineUITests.xctest"; sourceTree = BUILT_PRODUCTS_DIR; };
		C74F719C234139B700BA3FA2 /* Hacked_AirlineUITests.swift */ = {isa = PBXFileReference; lastKnownFileType = sourcecode.swift; path = Hacked_AirlineUITests.swift; sourceTree = "<group>"; };
		C74F719E234139B700BA3FA2 /* Info.plist */ = {isa = PBXFileReference; lastKnownFileType = text.plist.xml; path = Info.plist; sourceTree = "<group>"; };
/* End PBXFileReference section */

/* Begin PBXFrameworksBuildPhase section */
		C74F7174234139B400BA3FA2 /* Frameworks */ = {
			isa = PBXFrameworksBuildPhase;
			buildActionMask = 2147483647;
			files = (
			);
			runOnlyForDeploymentPostprocessing = 0;
		};
		C74F718A234139B700BA3FA2 /* Frameworks */ = {
			isa = PBXFrameworksBuildPhase;
			buildActionMask = 2147483647;
			files = (
			);
			runOnlyForDeploymentPostprocessing = 0;
		};
		C74F7195234139B700BA3FA2 /* Frameworks */ = {
			isa = PBXFrameworksBuildPhase;
			buildActionMask = 2147483647;
			files = (
			);
			runOnlyForDeploymentPostprocessing = 0;
		};
/* End PBXFrameworksBuildPhase section */

/* Begin PBXGroup section */
		C74F716E234139B400BA3FA2 = {
			isa = PBXGroup;
			children = (
				C74F7179234139B400BA3FA2 /* Hacked Airline */,
				C74F7190234139B700BA3FA2 /* Hacked AirlineTests */,
				C74F719B234139B700BA3FA2 /* Hacked AirlineUITests */,
				C74F7178234139B400BA3FA2 /* Products */,
			);
			sourceTree = "<group>";
		};
		C74F7178234139B400BA3FA2 /* Products */ = {
			isa = PBXGroup;
			children = (
				C74F7177234139B400BA3FA2 /* Hacked Airline.app */,
				C74F718D234139B700BA3FA2 /* Hacked AirlineTests.xctest */,
				C74F7198234139B700BA3FA2 /* Hacked AirlineUITests.xctest */,
			);
			name = Products;
			sourceTree = "<group>";
		};
		C74F7179234139B400BA3FA2 /* Hacked Airline */ = {
			isa = PBXGroup;
			children = (
				C74F717A234139B400BA3FA2 /* AppDelegate.swift */,
				C74F717C234139B400BA3FA2 /* SceneDelegate.swift */,
				C74F717E234139B400BA3FA2 /* ViewController.swift */,
				C74F7180234139B400BA3FA2 /* Main.storyboard */,
				C74F7183234139B700BA3FA2 /* Assets.xcassets */,
				C74F7185234139B700BA3FA2 /* LaunchScreen.storyboard */,
				C74F7188234139B700BA3FA2 /* Info.plist */,
			);
			path = "Hacked Airline";
			sourceTree = "<group>";
		};
		C74F7190234139B700BA3FA2 /* Hacked AirlineTests */ = {
			isa = PBXGroup;
			children = (
				C74F7191234139B700BA3FA2 /* Hacked_AirlineTests.swift */,
				C74F7193234139B700BA3FA2 /* Info.plist */,
			);
			path = "Hacked AirlineTests";
			sourceTree = "<group>";
		};
		C74F719B234139B700BA3FA2 /* Hacked AirlineUITests */ = {
			isa = PBXGroup;
			children = (
				C74F719C234139B700BA3FA2 /* Hacked_AirlineUITests.swift */,
				C74F719E234139B700BA3FA2 /* Info.plist */,
			);
			path = "Hacked AirlineUITests";
			sourceTree = "<group>";
		};
/* End PBXGroup section */

/* Begin PBXNativeTarget section */
		C74F7176234139B400BA3FA2 /* Hacked Airline */ = {
			isa = PBXNativeTarget;
			buildConfigurationList = C74F71A1234139B700BA3FA2 /* Build configuration list for PBXNativeTarget "Hacked Airline" */;
			buildPhases = (
				C74F7173234139B400BA3FA2 /* Sources */,
				C74F7174234139B400BA3FA2 /* Frameworks */,
				C74F7175234139B400BA3FA2 /* Resources */,
			);
			buildRules = (
			);
			dependencies = (
			);
			name = "Hacked Airline";
			productName = "Hacked Airline";
			productReference = C74F7177234139B400BA3FA2 /* Hacked Airline.app */;
			productType = "com.apple.product-type.application";
		};
		C74F718C234139B700BA3FA2 /* Hacked AirlineTests */ = {
			isa = PBXNativeTarget;
			buildConfigurationList = C74F71A4234139B700BA3FA2 /* Build configuration list for PBXNativeTarget "Hacked AirlineTests" */;
			buildPhases = (
				C74F7189234139B700BA3FA2 /* Sources */,
				C74F718A234139B700BA3FA2 /* Frameworks */,
				C74F718B234139B700BA3FA2 /* Resources */,
			);
			buildRules = (
			);
			dependencies = (
				C74F718F234139B700BA3FA2 /* PBXTargetDependency */,
			);
			name = "Hacked AirlineTests";
			productName = "Hacked AirlineTests";
			productReference = C74F718D234139B700BA3FA2 /* Hacked AirlineTests.xctest */;
			productType = "com.apple.product-type.bundle.unit-test";
		};
		C74F7197234139B700BA3FA2 /* Hacked AirlineUITests */ = {
			isa = PBXNativeTarget;
			buildConfigurationList = C74F71A7234139B700BA3FA2 /* Build configuration list for PBXNativeTarget "Hacked AirlineUITests" */;
			buildPhases = (
				C74F7194234139B700BA3FA2 /* Sources */,
				C74F7195234139B700BA3FA2 /* Frameworks */,
				C74F7196234139B700BA3FA2 /* Resources */,
			);
			buildRules = (
			);
			dependencies = (
				C74F719A234139B700BA3FA2 /* PBXTargetDependency */,
			);
			name = "Hacked AirlineUITests";
			productName = "Hacked AirlineUITests";
			productReference = C74F7198234139B700BA3FA2 /* Hacked AirlineUITests.xctest */;
			productType = "com.apple.product-type.bundle.ui-testing";
		};
/* End PBXNativeTarget section */

/* Begin PBXProject section */
		C74F716F234139B400BA3FA2 /* Project object */ = {
			isa = PBXProject;
			attributes = {
				LastSwiftUpdateCheck = 1100;
				LastUpgradeCheck = 1100;
				ORGANIZATIONNAME = "Dr. Drake 007";
				TargetAttributes = {
					C74F7176234139B400BA3FA2 = {
						CreatedOnToolsVersion = 11.0;
					};
					C74F718C234139B700BA3FA2 = {
						CreatedOnToolsVersion = 11.0;
						TestTargetID = C74F7176234139B400BA3FA2;
					};
					C74F7197234139B700BA3FA2 = {
						CreatedOnToolsVersion = 11.0;
						TestTargetID = C74F7176234139B400BA3FA2;
					};
				};
			};
			buildConfigurationList = C74F7172234139B400BA3FA2 /* Build configuration list for PBXProject "Hacked Airline" */;
			compatibilityVersion = "Xcode 9.3";
			developmentRegion = en;
			hasScannedForEncodings = 0;
			knownRegions = (
				en,
				Base,
			);
			mainGroup = C74F716E234139B400BA3FA2;
			productRefGroup = C74F7178234139B400BA3FA2 /* Products */;
			projectDirPath = "";
			projectRoot = "";
			targets = (
				C74F7176234139B400BA3FA2 /* Hacked Airline */,
				C74F718C234139B700BA3FA2 /* Hacked AirlineTests */,
				C74F7197234139B700BA3FA2 /* Hacked AirlineUITests */,
			);
		};
/* End PBXProject section */

/* Begin PBXResourcesBuildPhase section */
		C74F7175234139B400BA3FA2 /* Resources */ = {
			isa = PBXResourcesBuildPhase;
			buildActionMask = 2147483647;
			files = (
				C74F7187234139B700BA3FA2 /* LaunchScreen.storyboard in Resources */,
				C74F7184234139B700BA3FA2 /* Assets.xcassets in Resources */,
				C74F7182234139B400BA3FA2 /* Main.storyboard in Resources */,
			);
			runOnlyForDeploymentPostprocessing = 0;
		};
		C74F718B234139B700BA3FA2 /* Resources */ = {
			isa = PBXResourcesBuildPhase;
			buildActionMask = 2147483647;
			files = (
			);
			runOnlyForDeploymentPostprocessing = 0;
		};
		C74F7196234139B700BA3FA2 /* Resources */ = {
			isa = PBXResourcesBuildPhase;
			buildActionMask = 2147483647;
			files = (
			);
			runOnlyForDeploymentPostprocessing = 0;
		};
/* End PBXResourcesBuildPhase section */

/* Begin PBXSourcesBuildPhase section */
		C74F7173234139B400BA3FA2 /* Sources */ = {
			isa = PBXSourcesBuildPhase;
			buildActionMask = 2147483647;
			files = (
				C74F717F234139B400BA3FA2 /* ViewController.swift in Sources */,
				C74F717B234139B400BA3FA2 /* AppDelegate.swift in Sources */,
				C74F717D234139B400BA3FA2 /* SceneDelegate.swift in Sources */,
			);
			runOnlyForDeploymentPostprocessing = 0;
		};
		C74F7189234139B700BA3FA2 /* Sources */ = {
			isa = PBXSourcesBuildPhase;
			buildActionMask = 2147483647;
			files = (
				C74F7192234139B700BA3FA2 /* Hacked_AirlineTests.swift in Sources */,
			);
			runOnlyForDeploymentPostprocessing = 0;
		};
		C74F7194234139B700BA3FA2 /* Sources */ = {
			isa = PBXSourcesBuildPhase;
			buildActionMask = 2147483647;
			files = (
				C74F719D234139B700BA3FA2 /* Hacked_AirlineUITests.swift in Sources */,
			);
			runOnlyForDeploymentPostprocessing = 0;
		};
/* End PBXSourcesBuildPhase section */

/* Begin PBXTargetDependency section */
		C74F718F234139B700BA3FA2 /* PBXTargetDependency */ = {
			isa = PBXTargetDependency;
			target = C74F7176234139B400BA3FA2 /* Hacked Airline */;
			targetProxy = C74F718E234139B700BA3FA2 /* PBXContainerItemProxy */;
		};
		C74F719A234139B700BA3FA2 /* PBXTargetDependency */ = {
			isa = PBXTargetDependency;
			target = C74F7176234139B400BA3FA2 /* Hacked Airline */;
			targetProxy = C74F7199234139B700BA3FA2 /* PBXContainerItemProxy */;
		};
/* End PBXTargetDependency section */

/* Begin PBXVariantGroup section */
		C74F7180234139B400BA3FA2 /* Main.storyboard */ = {
			isa = PBXVariantGroup;
			children = (
				C74F7181234139B400BA3FA2 /* Base */,
			);
			name = Main.storyboard;
			sourceTree = "<group>";
		};
		C74F7185234139B700BA3FA2 /* LaunchScreen.storyboard */ = {
			isa = PBXVariantGroup;
			children = (
				C74F7186234139B700BA3FA2 /* Base */,
			);
			name = LaunchScreen.storyboard;
			sourceTree = "<group>";
		};
/* End PBXVariantGroup section */

/* Begin XCBuildConfiguration section */
		C74F719F234139B700BA3FA2 /* Debug */ = {
			isa = XCBuildConfiguration;
			buildSettings = {
				ALWAYS_SEARCH_USER_PATHS = NO;
				CLANG_ANALYZER_NONNULL = YES;
				CLANG_ANALYZER_NUMBER_OBJECT_CONVERSION = YES_AGGRESSIVE;
				CLANG_CXX_LANGUAGE_STANDARD = "gnu++14";
				CLANG_CXX_LIBRARY = "libc++";
				CLANG_ENABLE_MODULES = YES;
				CLANG_ENABLE_OBJC_ARC = YES;
				CLANG_ENABLE_OBJC_WEAK = YES;
				CLANG_WARN_BLOCK_CAPTURE_AUTORELEASING = YES;
				CLANG_WARN_BOOL_CONVERSION = YES;
				CLANG_WARN_COMMA = YES;
				CLANG_WARN_CONSTANT_CONVERSION = YES;
				CLANG_WARN_DEPRECATED_OBJC_IMPLEMENTATIONS = YES;
				CLANG_WARN_DIRECT_OBJC_ISA_USAGE = YES_ERROR;
				CLANG_WARN_DOCUMENTATION_COMMENTS = YES;
				CLANG_WARN_EMPTY_BODY = YES;
				CLANG_WARN_ENUM_CONVERSION = YES;
				CLANG_WARN_INFINITE_RECURSION = YES;
				CLANG_WARN_INT_CONVERSION = YES;
				CLANG_WARN_NON_LITERAL_NULL_CONVERSION = YES;
				CLANG_WARN_OBJC_IMPLICIT_RETAIN_SELF = YES;
				CLANG_WARN_OBJC_LITERAL_CONVERSION = YES;
				CLANG_WARN_OBJC_ROOT_CLASS = YES_ERROR;
				CLANG_WARN_RANGE_LOOP_ANALYSIS = YES;
				CLANG_WARN_STRICT_PROTOTYPES = YES;
				CLANG_WARN_SUSPICIOUS_MOVE = YES;
				CLANG_WARN_UNGUARDED_AVAILABILITY = YES_AGGRESSIVE;
				CLANG_WARN_UNREACHABLE_CODE = YES;
				CLANG_WARN__DUPLICATE_METHOD_MATCH = YES;
				COPY_PHASE_STRIP = NO;
				DEBUG_INFORMATION_FORMAT = dwarf;
				ENABLE_STRICT_OBJC_MSGSEND = YES;
				ENABLE_TESTABILITY = YES;
				GCC_C_LANGUAGE_STANDARD = gnu11;
				GCC_DYNAMIC_NO_PIC = NO;
				GCC_NO_COMMON_BLOCKS = YES;
				GCC_OPTIMIZATION_LEVEL = 0;
				GCC_PREPROCESSOR_DEFINITIONS = (
					"DEBUG=1",
					"$(inherited)",
				);
				GCC_WARN_64_TO_32_BIT_CONVERSION = YES;
				GCC_WARN_ABOUT_RETURN_TYPE = YES_ERROR;
				GCC_WARN_UNDECLARED_SELECTOR = YES;
				GCC_WARN_UNINITIALIZED_AUTOS = YES_AGGRESSIVE;
				GCC_WARN_UNUSED_FUNCTION = YES;
				GCC_WARN_UNUSED_VARIABLE = YES;
				IPHONEOS_DEPLOYMENT_TARGET = 13.0;
				MTL_ENABLE_DEBUG_INFO = INCLUDE_SOURCE;
				MTL_FAST_MATH = YES;
				ONLY_ACTIVE_ARCH = YES;
				SDKROOT = iphoneos;
				SWIFT_ACTIVE_COMPILATION_CONDITIONS = DEBUG;
				SWIFT_OPTIMIZATION_LEVEL = "-Onone";
			};
			name = Debug;
		};
		C74F71A0234139B700BA3FA2 /* Release */ = {
			isa = XCBuildConfiguration;
			buildSettings = {
				ALWAYS_SEARCH_USER_PATHS = NO;
				CLANG_ANALYZER_NONNULL = YES;
				CLANG_ANALYZER_NUMBER_OBJECT_CONVERSION = YES_AGGRESSIVE;
				CLANG_CXX_LANGUAGE_STANDARD = "gnu++14";
				CLANG_CXX_LIBRARY = "libc++";
				CLANG_ENABLE_MODULES = YES;
				CLANG_ENABLE_OBJC_ARC = YES;
				CLANG_ENABLE_OBJC_WEAK = YES;
				CLANG_WARN_BLOCK_CAPTURE_AUTORELEASING = YES;
				CLANG_WARN_BOOL_CONVERSION = YES;
				CLANG_WARN_COMMA = YES;
				CLANG_WARN_CONSTANT_CONVERSION = YES;
				CLANG_WARN_DEPRECATED_OBJC_IMPLEMENTATIONS = YES;
				CLANG_WARN_DIRECT_OBJC_ISA_USAGE = YES_ERROR;
				CLANG_WARN_DOCUMENTATION_COMMENTS = YES;
				CLANG_WARN_EMPTY_BODY = YES;
				CLANG_WARN_ENUM_CONVERSION = YES;
				CLANG_WARN_INFINITE_RECURSION = YES;
				CLANG_WARN_INT_CONVERSION = YES;
				CLANG_WARN_NON_LITERAL_NULL_CONVERSION = YES;
				CLANG_WARN_OBJC_IMPLICIT_RETAIN_SELF = YES;
				CLANG_WARN_OBJC_LITERAL_CONVERSION = YES;
				CLANG_WARN_OBJC_ROOT_CLASS = YES_ERROR;
				CLANG_WARN_RANGE_LOOP_ANALYSIS = YES;
				CLANG_WARN_STRICT_PROTOTYPES = YES;
				CLANG_WARN_SUSPICIOUS_MOVE = YES;
				CLANG_WARN_UNGUARDED_AVAILABILITY = YES_AGGRESSIVE;
				CLANG_WARN_UNREACHABLE_CODE = YES;
				CLANG_WARN__DUPLICATE_METHOD_MATCH = YES;
				COPY_PHASE_STRIP = NO;
				DEBUG_INFORMATION_FORMAT = "dwarf-with-dsym";
				ENABLE_NS_ASSERTIONS = NO;
				ENABLE_STRICT_OBJC_MSGSEND = YES;
				GCC_C_LANGUAGE_STANDARD = gnu11;
				GCC_NO_COMMON_BLOCKS = YES;
				GCC_WARN_64_TO_32_BIT_CONVERSION = YES;
				GCC_WARN_ABOUT_RETURN_TYPE = YES_ERROR;
				GCC_WARN_UNDECLARED_SELECTOR = YES;
				GCC_WARN_UNINITIALIZED_AUTOS = YES_AGGRESSIVE;
				GCC_WARN_UNUSED_FUNCTION = YES;
				GCC_WARN_UNUSED_VARIABLE = YES;
				IPHONEOS_DEPLOYMENT_TARGET = 13.0;
				MTL_ENABLE_DEBUG_INFO = NO;
				MTL_FAST_MATH = YES;
				SDKROOT = iphoneos;
				SWIFT_COMPILATION_MODE = wholemodule;
				SWIFT_OPTIMIZATION_LEVEL = "-O";
				VALIDATE_PRODUCT = YES;
			};
			name = Release;
		};
		C74F71A2234139B700BA3FA2 /* Debug */ = {
			isa = XCBuildConfiguration;
			buildSettings = {
				ASSETCATALOG_COMPILER_APPICON_NAME = AppIcon;
				CODE_SIGN_STYLE = Automatic;
				DEVELOPMENT_TEAM = DXA5M4234Y;
				INFOPLIST_FILE = "Hacked Airline/Info.plist";
				LD_RUNPATH_SEARCH_PATHS = (
					"$(inherited)",
					"@executable_path/Frameworks",
				);
				PRODUCT_BUNDLE_IDENTIFIER = "Code.Ug.Hacked-Airline";
				PRODUCT_NAME = "$(TARGET_NAME)";
				SWIFT_VERSION = 5.0;
				TARGETED_DEVICE_FAMILY = "1,2";
			};
			name = Debug;
		};
		C74F71A3234139B700BA3FA2 /* Release */ = {
			isa = XCBuildConfiguration;
			buildSettings = {
				ASSETCATALOG_COMPILER_APPICON_NAME = AppIcon;
				CODE_SIGN_STYLE = Automatic;
				DEVELOPMENT_TEAM = DXA5M4234Y;
				INFOPLIST_FILE = "Hacked Airline/Info.plist";
				LD_RUNPATH_SEARCH_PATHS = (
					"$(inherited)",
					"@executable_path/Frameworks",
				);
				PRODUCT_BUNDLE_IDENTIFIER = "Code.Ug.Hacked-Airline";
				PRODUCT_NAME = "$(TARGET_NAME)";
				SWIFT_VERSION = 5.0;
				TARGETED_DEVICE_FAMILY = "1,2";
			};
			name = Release;
		};
		C74F71A5234139B700BA3FA2 /* Debug */ = {
			isa = XCBuildConfiguration;
			buildSettings = {
				ALWAYS_EMBED_SWIFT_STANDARD_LIBRARIES = YES;
				BUNDLE_LOADER = "$(TEST_HOST)";
				CODE_SIGN_STYLE = Automatic;
				DEVELOPMENT_TEAM = DXA5M4234Y;
				INFOPLIST_FILE = "Hacked AirlineTests/Info.plist";
				IPHONEOS_DEPLOYMENT_TARGET = 13.0;
				LD_RUNPATH_SEARCH_PATHS = (
					"$(inherited)",
					"@executable_path/Frameworks",
					"@loader_path/Frameworks",
				);
				PRODUCT_BUNDLE_IDENTIFIER = "Code.Ug.Hacked-AirlineTests";
				PRODUCT_NAME = "$(TARGET_NAME)";
				SWIFT_VERSION = 5.0;
				TARGETED_DEVICE_FAMILY = "1,2";
				TEST_HOST = "$(BUILT_PRODUCTS_DIR)/Hacked Airline.app/Hacked Airline";
			};
			name = Debug;
		};
		C74F71A6234139B700BA3FA2 /* Release */ = {
			isa = XCBuildConfiguration;
			buildSettings = {
				ALWAYS_EMBED_SWIFT_STANDARD_LIBRARIES = YES;
				BUNDLE_LOADER = "$(TEST_HOST)";
				CODE_SIGN_STYLE = Automatic;
				DEVELOPMENT_TEAM = DXA5M4234Y;
				INFOPLIST_FILE = "Hacked AirlineTests/Info.plist";
				IPHONEOS_DEPLOYMENT_TARGET = 13.0;
				LD_RUNPATH_SEARCH_PATHS = (
					"$(inherited)",
					"@executable_path/Frameworks",
					"@loader_path/Frameworks",
				);
				PRODUCT_BUNDLE_IDENTIFIER = "Code.Ug.Hacked-AirlineTests";
				PRODUCT_NAME = "$(TARGET_NAME)";
				SWIFT_VERSION = 5.0;
				TARGETED_DEVICE_FAMILY = "1,2";
				TEST_HOST = "$(BUILT_PRODUCTS_DIR)/Hacked Airline.app/Hacked Airline";
			};
			name = Release;
		};
		C74F71A8234139B700BA3FA2 /* Debug */ = {
			isa = XCBuildConfiguration;
			buildSettings = {
				ALWAYS_EMBED_SWIFT_STANDARD_LIBRARIES = YES;
				CODE_SIGN_STYLE = Automatic;
				DEVELOPMENT_TEAM = DXA5M4234Y;
				INFOPLIST_FILE = "Hacked AirlineUITests/Info.plist";
				LD_RUNPATH_SEARCH_PATHS = (
					"$(inherited)",
					"@executable_path/Frameworks",
					"@loader_path/Frameworks",
				);
				PRODUCT_BUNDLE_IDENTIFIER = "Code.Ug.Hacked-AirlineUITests";
				PRODUCT_NAME = "$(TARGET_NAME)";
				SWIFT_VERSION = 5.0;
				TARGETED_DEVICE_FAMILY = "1,2";
				TEST_TARGET_NAME = "Hacked Airline";
			};
			name = Debug;
		};
		C74F71A9234139B700BA3FA2 /* Release */ = {
			isa = XCBuildConfiguration;
			buildSettings = {
				ALWAYS_EMBED_SWIFT_STANDARD_LIBRARIES = YES;
				CODE_SIGN_STYLE = Automatic;
				DEVELOPMENT_TEAM = DXA5M4234Y;
				INFOPLIST_FILE = "Hacked AirlineUITests/Info.plist";
				LD_RUNPATH_SEARCH_PATHS = (
					"$(inherited)",
					"@executable_path/Frameworks",
					"@loader_path/Frameworks",
				);
				PRODUCT_BUNDLE_IDENTIFIER = "Code.Ug.Hacked-AirlineUITests";
				PRODUCT_NAME = "$(TARGET_NAME)";
				SWIFT_VERSION = 5.0;
				TARGETED_DEVICE_FAMILY = "1,2";
				TEST_TARGET_NAME = "Hacked Airline";
			};
			name = Release;
		};
/* End XCBuildConfiguration section */

/* Begin XCConfigurationList section */
		C74F7172234139B400BA3FA2 /* Build configuration list for PBXProject "Hacked Airline" */ = {
			isa = XCConfigurationList;
			buildConfigurations = (
				C74F719F234139B700BA3FA2 /* Debug */,
				C74F71A0234139B700BA3FA2 /* Release */,
			);
			defaultConfigurationIsVisible = 0;
			defaultConfigurationName = Release;
		};
		C74F71A1234139B700BA3FA2 /* Build configuration list for PBXNativeTarget "Hacked Airline" */ = {
			isa = XCConfigurationList;
			buildConfigurations = (
				C74F71A2234139B700BA3FA2 /* Debug */,
				C74F71A3234139B700BA3FA2 /* Release */,
			);
			defaultConfigurationIsVisible = 0;
			defaultConfigurationName = Release;
		};
		C74F71A4234139B700BA3FA2 /* Build configuration list for PBXNativeTarget "Hacked AirlineTests" */ = {
			isa = XCConfigurationList;
			buildConfigurations = (
				C74F71A5234139B700BA3FA2 /* Debug */,
				C74F71A6234139B700BA3FA2 /* Release */,
			);
			defaultConfigurationIsVisible = 0;
			defaultConfigurationName = Release;
		};
		C74F71A7234139B700BA3FA2 /* Build configuration list for PBXNativeTarget "Hacked AirlineUITests" */ = {
			isa = XCConfigurationList;
			buildConfigurations = (
				C74F71A8234139B700BA3FA2 /* Debug */,
				C74F71A9234139B700BA3FA2 /* Release */,
			);
			defaultConfigurationIsVisible = 0;
			defaultConfigurationName = Release;
		};
/* End XCConfigurationList section */
	};
	rootObject = C74F716F234139B400BA3FA2 /* Project object */;
}
